
Microsoft Visual Studio Solution File, Format Version 12.00
# Visual Studio 2013
VisualStudioVersion = 12.0.21005.1
MinimumVisualStudioVersion = 10.0.40219.1
Project("{FAE04EC0-301F-11D3-BF4B-00C04F79EFBC}") = "SpreadCalculator", "SpreadCalculator.csproj", "{197B8384-B413-4C17-AC59-19251D700B3E}"
EndProject
Global
	GlobalSection(SolutionConfigurationPlatforms) = preSolution
		Debug|Any CPU = Debug|Any CPU
		Release|Any CPU = Release|Any CPU
	EndGlobalSection
	GlobalSection(ProjectConfigurationPlatforms) = postSolution
		{197B8384-B413-4C17-AC59-19251D700B3E}.Debug|Any CPU.ActiveCfg = Debug|Any CPU
		{197B8384-B413-4C17-AC59-19251D700B3E}.Debug|Any CPU.Build.0 = Debug|Any CPU
		{197B8384-B413-4C17-AC59-19251D700B3E}.Release|Any CPU.ActiveCfg = Release|Any CPU
		{197B8384-B413-4C17-AC59-19251D700B3E}.Release|Any CPU.Build.0 = Release|Any CPU
	EndGlobalSection
	GlobalSection(SolutionProperties) = preSolution
		HideSolutionNode = FALSE
	EndGlobalSection
EndGlobal
